{
  "version": 4,
  "terraform_version": "0.15.0",
  "serial": 310,
  "lineage": "9d796e7f-3b87-bd0b-c11a-73cecad8200d",
  "outputs": {},
  "resources": [
    {
      "module": "module.binance_price",
      "mode": "managed",
      "type": "aws_cloudwatch_event_rule",
      "name": "binance_price",
      "provider": "provider[\"registry.terraform.io/hashicorp/aws\"]",
      "instances": [
        {
          "schema_version": 0,
          "attributes": {
            "arn": "arn:aws:events:eu-west-3:385653941605:rule/AllCoinBinancePriceEventRule",
            "description": "Get Binance price every minutes",
            "event_bus_name": "default",
            "event_pattern": null,
            "id": "AllCoinBinancePriceEventRule",
            "is_enabled": true,
            "name": "AllCoinBinancePriceEventRule",
            "name_prefix": "",
            "role_arn": "",
            "schedule_expression": "rate(1 minute)",
            "tags": null
          },
          "sensitive_attributes": [],
          "private": "bnVsbA=="
        }
      ]
    },
    {
      "module": "module.binance_price",
      "mode": "managed",
      "type": "aws_cloudwatch_event_target",
      "name": "binance_price",
      "provider": "provider[\"registry.terraform.io/hashicorp/aws\"]",
      "instances": [
        {
          "schema_version": 1,
          "attributes": {
            "arn": "arn:aws:lambda:eu-west-3:385653941605:function:AllCoinBinancePriceLambda",
            "batch_target": [],
            "dead_letter_config": [],
            "ecs_target": [],
            "event_bus_name": "default",
            "id": "AllCoinBinancePriceEventRule-terraform-20210417152224283000000004",
            "input": "",
            "input_path": "",
            "input_transformer": [],
            "kinesis_target": [],
            "retry_policy": [],
            "role_arn": "",
            "rule": "AllCoinBinancePriceEventRule",
            "run_command_targets": [],
            "sqs_target": [],
            "target_id": "terraform-20210417152224283000000004"
          },
          "sensitive_attributes": [],
          "private": "eyJzY2hlbWFfdmVyc2lvbiI6IjEifQ==",
          "dependencies": [
            "module.binance_price.aws_cloudwatch_event_rule.binance_price",
            "module.binance_price.aws_iam_role.binance_price",
            "module.binance_price.aws_lambda_function.binance_price"
          ]
        }
      ]
    },
    {
      "module": "module.binance_price",
      "mode": "managed",
      "type": "aws_iam_policy",
      "name": "binance_price_dynamodb",
      "provider": "provider[\"registry.terraform.io/hashicorp/aws\"]",
      "instances": [
        {
          "schema_version": 0,
          "attributes": {
            "arn": "arn:aws:iam::385653941605:policy/AllCoinBinancePriceDynamoDb",
            "description": "IAM policy for DynamoDb from a lambda",
            "id": "arn:aws:iam::385653941605:policy/AllCoinBinancePriceDynamoDb",
            "name": "AllCoinBinancePriceDynamoDb",
            "name_prefix": null,
            "path": "/",
            "policy": "{\n  \"Version\": \"2012-10-17\",\n  \"Statement\": [\n    {\n      \"Action\": [\n        \"dynamodb:Query\",\n        \"dynamodb:PutItem\"\n      ],\n      \"Resource\": \"arn:aws:dynamodb:*:*:*\",\n      \"Effect\": \"Allow\"\n    }\n  ]\n}\n",
            "policy_id": "ANPAVTSWEEVSW5P7FQROP",
            "tags": null
          },
          "sensitive_attributes": [],
          "private": "bnVsbA=="
        }
      ]
    },
    {
      "module": "module.binance_price",
      "mode": "managed",
      "type": "aws_iam_policy",
      "name": "binance_price_logs",
      "provider": "provider[\"registry.terraform.io/hashicorp/aws\"]",
      "instances": [
        {
          "schema_version": 0,
          "attributes": {
            "arn": "arn:aws:iam::385653941605:policy/AllCoinBinancePriceIAMPolicyLogs",
            "description": "IAM policy for logging from a lambda",
            "id": "arn:aws:iam::385653941605:policy/AllCoinBinancePriceIAMPolicyLogs",
            "name": "AllCoinBinancePriceIAMPolicyLogs",
            "name_prefix": null,
            "path": "/",
            "policy": "{\n  \"Version\": \"2012-10-17\",\n  \"Statement\": [\n    {\n      \"Action\": [\n        \"logs:CreateLogGroup\",\n        \"logs:CreateLogStream\",\n        \"logs:PutLogEvents\"\n      ],\n      \"Resource\": \"arn:aws:logs:*:*:*\",\n      \"Effect\": \"Allow\"\n    }\n  ]\n}\n",
            "policy_id": "ANPAVTSWEEVSQAII56YHV",
            "tags": null
          },
          "sensitive_attributes": [],
          "private": "bnVsbA=="
        }
      ]
    },
    {
      "module": "module.binance_price",
      "mode": "managed",
      "type": "aws_iam_role",
      "name": "binance_price",
      "provider": "provider[\"registry.terraform.io/hashicorp/aws\"]",
      "instances": [
        {
          "schema_version": 0,
          "attributes": {
            "arn": "arn:aws:iam::385653941605:role/AllCoinBinancePriceRole",
            "assume_role_policy": "{\"Version\":\"2012-10-17\",\"Statement\":[{\"Sid\":\"\",\"Effect\":\"Allow\",\"Principal\":{\"Service\":\"lambda.amazonaws.com\"},\"Action\":\"sts:AssumeRole\"}]}",
            "create_date": "2021-04-17T15:21:56Z",
            "description": "",
            "force_detach_policies": false,
            "id": "AllCoinBinancePriceRole",
            "inline_policy": [
              {
                "name": "",
                "policy": ""
              }
            ],
            "managed_policy_arns": [],
            "max_session_duration": 3600,
            "name": "AllCoinBinancePriceRole",
            "name_prefix": null,
            "path": "/",
            "permissions_boundary": null,
            "tags": null,
            "unique_id": "AROAVTSWEEVSSUHOPMWHQ"
          },
          "sensitive_attributes": [],
          "private": "bnVsbA=="
        }
      ]
    },
    {
      "module": "module.binance_price",
      "mode": "managed",
      "type": "aws_iam_role_policy_attachment",
      "name": "policy_attachment_binance_price_dynamodb",
      "provider": "provider[\"registry.terraform.io/hashicorp/aws\"]",
      "instances": [
        {
          "schema_version": 0,
          "attributes": {
            "id": "AllCoinBinancePriceRole-20210417152158036600000002",
            "policy_arn": "arn:aws:iam::385653941605:policy/AllCoinBinancePriceDynamoDb",
            "role": "AllCoinBinancePriceRole"
          },
          "sensitive_attributes": [],
          "private": "bnVsbA==",
          "dependencies": [
            "module.binance_price.aws_iam_policy.binance_price_dynamodb",
            "module.binance_price.aws_iam_role.binance_price"
          ]
        }
      ]
    },
    {
      "module": "module.binance_price",
      "mode": "managed",
      "type": "aws_iam_role_policy_attachment",
      "name": "policy_attachment_binance_price_logs",
      "provider": "provider[\"registry.terraform.io/hashicorp/aws\"]",
      "instances": [
        {
          "schema_version": 0,
          "attributes": {
            "id": "AllCoinBinancePriceRole-20210417152157999800000001",
            "policy_arn": "arn:aws:iam::385653941605:policy/AllCoinBinancePriceIAMPolicyLogs",
            "role": "AllCoinBinancePriceRole"
          },
          "sensitive_attributes": [],
          "private": "bnVsbA==",
          "dependencies": [
            "module.binance_price.aws_iam_policy.binance_price_logs",
            "module.binance_price.aws_iam_role.binance_price"
          ]
        }
      ]
    },
    {
      "module": "module.binance_price",
      "mode": "managed",
      "type": "aws_lambda_function",
      "name": "binance_price",
      "provider": "provider[\"registry.terraform.io/hashicorp/aws\"]",
      "instances": [
        {
          "schema_version": 0,
          "attributes": {
            "arn": "arn:aws:lambda:eu-west-3:385653941605:function:AllCoinBinancePriceLambda",
            "code_signing_config_arn": "",
            "dead_letter_config": [],
            "description": "",
            "environment": [
              {
                "variables": {
                  "APP_TIMEZONE": "Europe/Paris",
                  "AWS_DDB_TABLE_NAME": "allcoin-dev",
                  "LOG_CHANNEL": "stderr"
                }
              }
            ],
            "file_system_config": [],
            "filename": null,
            "function_name": "AllCoinBinancePriceLambda",
            "handler": "lambda/get_binance_price.php",
            "id": "AllCoinBinancePriceLambda",
            "image_config": [],
            "image_uri": "",
            "invoke_arn": "arn:aws:apigateway:eu-west-3:lambda:path/2015-03-31/functions/arn:aws:lambda:eu-west-3:385653941605:function:AllCoinBinancePriceLambda/invocations",
            "kms_key_arn": "",
            "last_modified": "2021-04-17T15:22:15.364+0000",
            "layers": [
              "arn:aws:lambda:eu-west-3:209497400698:layer:php-80:8"
            ],
            "memory_size": 128,
            "package_type": "Zip",
            "publish": false,
            "qualified_arn": "arn:aws:lambda:eu-west-3:385653941605:function:AllCoinBinancePriceLambda:$LATEST",
            "reserved_concurrent_executions": -1,
            "role": "arn:aws:iam::385653941605:role/AllCoinBinancePriceRole",
            "runtime": "provided.al2",
            "s3_bucket": "allcoin-api-deployment",
            "s3_key": "allcoin-api.zip",
            "s3_object_version": "seixcm8pZRtI32lEWhtRLRYzxf5ZVAUB",
            "signing_job_arn": "",
            "signing_profile_version_arn": "",
            "source_code_hash": "QXFeQ0JyCB55pJy/TdqAyLhB5I21OeqDyX7jueXqrro=",
            "source_code_size": 13065220,
            "tags": null,
            "timeout": 3,
            "timeouts": null,
            "tracing_config": [
              {
                "mode": "PassThrough"
              }
            ],
            "version": "$LATEST",
            "vpc_config": []
          },
          "sensitive_attributes": [],
          "private": "eyJlMmJmYjczMC1lY2FhLTExZTYtOGY4OC0zNDM2M2JjN2M0YzAiOnsiY3JlYXRlIjo2MDAwMDAwMDAwMDB9fQ==",
          "dependencies": [
            "module.binance_price.aws_cloudwatch_event_rule.binance_price",
            "module.binance_price.aws_iam_role.binance_price"
          ]
        }
      ]
    },
    {
      "module": "module.binance_price",
      "mode": "managed",
      "type": "aws_lambda_permission",
      "name": "binance_price",
      "provider": "provider[\"registry.terraform.io/hashicorp/aws\"]",
      "instances": [
        {
          "schema_version": 0,
          "attributes": {
            "action": "lambda:InvokeFunction",
            "event_source_token": null,
            "function_name": "AllCoinBinancePriceLambda",
            "id": "terraform-20210417152224282500000003",
            "principal": "events.amazonaws.com",
            "qualifier": "",
            "source_account": null,
            "source_arn": "arn:aws:events:eu-west-3:385653941605:rule/AllCoinBinancePriceEventRule",
            "statement_id": "terraform-20210417152224282500000003",
            "statement_id_prefix": null
          },
          "sensitive_attributes": [],
          "private": "bnVsbA==",
          "dependencies": [
            "module.binance_price.aws_cloudwatch_event_rule.binance_price",
            "module.binance_price.aws_iam_role.binance_price",
            "module.binance_price.aws_lambda_function.binance_price"
          ]
        }
      ]
    }
  ]
}
